// !$*UTF8*$!
{
	archiveVersion = 1;
	classes = {
	};
	objectVersion = 48;
	objects = {

/* Begin PBXBuildFile section */
		041AA11321119615003F5A00 /* foodspic.png in Resources */ = {isa = PBXBuildFile; fileRef = 041AA11021119614003F5A00 /* foodspic.png */; };
		041AA11421119615003F5A00 /* shoppic.png in Resources */ = {isa = PBXBuildFile; fileRef = 041AA11121119614003F5A00 /* shoppic.png */; };
		041AA11521119615003F5A00 /* hostelpic.png in Resources */ = {isa = PBXBuildFile; fileRef = 041AA11221119615003F5A00 /* hostelpic.png */; };
		041AA1172111967E003F5A00 /* Carousel.png in Resources */ = {isa = PBXBuildFile; fileRef = 041AA1162111967D003F5A00 /* Carousel.png */; };
		041AA1192111973A003F5A00 /* tasty_store.png in Resources */ = {isa = PBXBuildFile; fileRef = 041AA11821119739003F5A00 /* tasty_store.png */; };
		041AA11B21119742003F5A00 /* tasty.png in Resources */ = {isa = PBXBuildFile; fileRef = 041AA11A21119742003F5A00 /* tasty.png */; };
		0470EDCD2105CFAF00FBA353 /* shopappViewController.swift in Sources */ = {isa = PBXBuildFile; fileRef = 0470EDCC2105CFAF00FBA353 /* shopappViewController.swift */; };
		048CD1E72111816700A926AD /* Food.swift in Sources */ = {isa = PBXBuildFile; fileRef = 048CD1B12111816700A926AD /* Food.swift */; };
		048CD1E82111816700A926AD /* foodviewcontroller.swift in Sources */ = {isa = PBXBuildFile; fileRef = 048CD1B22111816700A926AD /* foodviewcontroller.swift */; };
		048CD1E92111816700A926AD /* Home.storyboard in Resources */ = {isa = PBXBuildFile; fileRef = 048CD1B32111816700A926AD /* Home.storyboard */; };
		048CD1EA2111816700A926AD /* HomeViewController.swift in Sources */ = {isa = PBXBuildFile; fileRef = 048CD1B42111816700A926AD /* HomeViewController.swift */; };
		048CD1EB2111816700A926AD /* RestaurantDetailTableViewCel.swift in Sources */ = {isa = PBXBuildFile; fileRef = 048CD1B52111816700A926AD /* RestaurantDetailTableViewCel.swift */; };
		048CD1EC2111816700A926AD /* RestaurantDetailTableViewCell.swift in Sources */ = {isa = PBXBuildFile; fileRef = 048CD1B62111816700A926AD /* RestaurantDetailTableViewCell.swift */; };
		048CD1ED2111816700A926AD /* RestaurantDetailViewController.swift in Sources */ = {isa = PBXBuildFile; fileRef = 048CD1B72111816700A926AD /* RestaurantDetailViewController.swift */; };
		048CD1F42111816700A926AD /* Member.storyboard in Resources */ = {isa = PBXBuildFile; fileRef = 048CD1C02111816700A926AD /* Member.storyboard */; };
		048CD2522111920A00A926AD /* Notice.storyboard in Resources */ = {isa = PBXBuildFile; fileRef = 048CD2512111920A00A926AD /* Notice.storyboard */; };
		049E69D220FC83620071ECA4 /* AppDelegate.swift in Sources */ = {isa = PBXBuildFile; fileRef = 049E69D120FC83620071ECA4 /* AppDelegate.swift */; };
		049E69D720FC83620071ECA4 /* Main.storyboard in Resources */ = {isa = PBXBuildFile; fileRef = 049E69D520FC83620071ECA4 /* Main.storyboard */; };
		049E69DA20FC83620071ECA4 /* shopapp.xcdatamodeld in Sources */ = {isa = PBXBuildFile; fileRef = 049E69D820FC83620071ECA4 /* shopapp.xcdatamodeld */; };
		049E69DC20FC83620071ECA4 /* Assets.xcassets in Resources */ = {isa = PBXBuildFile; fileRef = 049E69DB20FC83620071ECA4 /* Assets.xcassets */; };
		049E69DF20FC83620071ECA4 /* LaunchScreen.storyboard in Resources */ = {isa = PBXBuildFile; fileRef = 049E69DD20FC83620071ECA4 /* LaunchScreen.storyboard */; };
		049E69EA20FC83620071ECA4 /* shopappTests.swift in Sources */ = {isa = PBXBuildFile; fileRef = 049E69E920FC83620071ECA4 /* shopappTests.swift */; };
		049E69F520FC83620071ECA4 /* shopappUITests.swift in Sources */ = {isa = PBXBuildFile; fileRef = 049E69F420FC83620071ECA4 /* shopappUITests.swift */; };
/* End PBXBuildFile section */

/* Begin PBXContainerItemProxy section */
		049E69E620FC83620071ECA4 /* PBXContainerItemProxy */ = {
			isa = PBXContainerItemProxy;
			containerPortal = 049E69C620FC83620071ECA4 /* Project object */;
			proxyType = 1;
			remoteGlobalIDString = 049E69CD20FC83620071ECA4;
			remoteInfo = shopapp;
		};
		049E69F120FC83620071ECA4 /* PBXContainerItemProxy */ = {
			isa = PBXContainerItemProxy;
			containerPortal = 049E69C620FC83620071ECA4 /* Project object */;
			proxyType = 1;
			remoteGlobalIDString = 049E69CD20FC83620071ECA4;
			remoteInfo = shopapp;
		};
/* End PBXContainerItemProxy section */

/* Begin PBXFileReference section */
		041AA11021119614003F5A00 /* foodspic.png */ = {isa = PBXFileReference; lastKnownFileType = image.png; name = foodspic.png; path = shopapp/Picture/foodspic.png; sourceTree = SOURCE_ROOT; };
		041AA11121119614003F5A00 /* shoppic.png */ = {isa = PBXFileReference; lastKnownFileType = image.png; name = shoppic.png; path = shopapp/Picture/shoppic.png; sourceTree = SOURCE_ROOT; };
		041AA11221119615003F5A00 /* hostelpic.png */ = {isa = PBXFileReference; lastKnownFileType = image.png; name = hostelpic.png; path = shopapp/Picture/hostelpic.png; sourceTree = SOURCE_ROOT; };
		041AA1162111967D003F5A00 /* Carousel.png */ = {isa = PBXFileReference; lastKnownFileType = image.png; name = Carousel.png; path = shopapp/Picture/Carousel.png; sourceTree = SOURCE_ROOT; };
		041AA11821119739003F5A00 /* tasty_store.png */ = {isa = PBXFileReference; lastKnownFileType = image.png; name = tasty_store.png; path = shopapp/Picture/tasty_store.png; sourceTree = SOURCE_ROOT; };
		041AA11A21119742003F5A00 /* tasty.png */ = {isa = PBXFileReference; lastKnownFileType = image.png; name = tasty.png; path = shopapp/Picture/tasty.png; sourceTree = SOURCE_ROOT; };
		0470EDCC2105CFAF00FBA353 /* shopappViewController.swift */ = {isa = PBXFileReference; lastKnownFileType = sourcecode.swift; path = shopappViewController.swift; sourceTree = "<group>"; };
		048CD1B12111816700A926AD /* Food.swift */ = {isa = PBXFileReference; fileEncoding = 4; lastKnownFileType = sourcecode.swift; path = Food.swift; sourceTree = "<group>"; };
		048CD1B22111816700A926AD /* foodviewcontroller.swift */ = {isa = PBXFileReference; fileEncoding = 4; lastKnownFileType = sourcecode.swift; path = foodviewcontroller.swift; sourceTree = "<group>"; };
		048CD1B32111816700A926AD /* Home.storyboard */ = {isa = PBXFileReference; fileEncoding = 4; lastKnownFileType = file.storyboard; path = Home.storyboard; sourceTree = "<group>"; };
		048CD1B42111816700A926AD /* HomeViewController.swift */ = {isa = PBXFileReference; fileEncoding = 4; lastKnownFileType = sourcecode.swift; path = HomeViewController.swift; sourceTree = "<group>"; };
		048CD1B52111816700A926AD /* RestaurantDetailTableViewCel.swift */ = {isa = PBXFileReference; fileEncoding = 4; lastKnownFileType = sourcecode.swift; path = RestaurantDetailTableViewCel.swift; sourceTree = "<group>"; };
		048CD1B62111816700A926AD /* RestaurantDetailTableViewCell.swift */ = {isa = PBXFileReference; fileEncoding = 4; lastKnownFileType = sourcecode.swift; path = RestaurantDetailTableViewCell.swift; sourceTree = "<group>"; };
		048CD1B72111816700A926AD /* RestaurantDetailViewController.swift */ = {isa = PBXFileReference; fileEncoding = 4; lastKnownFileType = sourcecode.swift; path = RestaurantDetailViewController.swift; sourceTree = "<group>"; };
		048CD1C12111816700A926AD /* Base */ = {isa = PBXFileReference; lastKnownFileType = file.storyboard; name = Base; path = Base.lproj/Member.storyboard; sourceTree = "<group>"; };
		048CD2512111920A00A926AD /* Notice.storyboard */ = {isa = PBXFileReference; fileEncoding = 4; lastKnownFileType = file.storyboard; path = Notice.storyboard; sourceTree = "<group>"; };
		049E69CE20FC83620071ECA4 /* shopapp.app */ = {isa = PBXFileReference; explicitFileType = wrapper.application; includeInIndex = 0; path = shopapp.app; sourceTree = BUILT_PRODUCTS_DIR; };
		049E69D120FC83620071ECA4 /* AppDelegate.swift */ = {isa = PBXFileReference; lastKnownFileType = sourcecode.swift; path = AppDelegate.swift; sourceTree = "<group>"; };
		049E69D620FC83620071ECA4 /* Base */ = {isa = PBXFileReference; lastKnownFileType = file.storyboard; name = Base; path = Base.lproj/Main.storyboard; sourceTree = "<group>"; };
		049E69D920FC83620071ECA4 /* shopapp.xcdatamodel */ = {isa = PBXFileReference; lastKnownFileType = wrapper.xcdatamodel; path = shopapp.xcdatamodel; sourceTree = "<group>"; };
		049E69DB20FC83620071ECA4 /* Assets.xcassets */ = {isa = PBXFileReference; lastKnownFileType = folder.assetcatalog; path = Assets.xcassets; sourceTree = "<group>"; };
		049E69DE20FC83620071ECA4 /* Base */ = {isa = PBXFileReference; lastKnownFileType = file.storyboard; name = Base; path = Base.lproj/LaunchScreen.storyboard; sourceTree = "<group>"; };
		049E69E020FC83620071ECA4 /* Info.plist */ = {isa = PBXFileReference; lastKnownFileType = text.plist.xml; path = Info.plist; sourceTree = "<group>"; };
		049E69E520FC83620071ECA4 /* shopappTests.xctest */ = {isa = PBXFileReference; explicitFileType = wrapper.cfbundle; includeInIndex = 0; path = shopappTests.xctest; sourceTree = BUILT_PRODUCTS_DIR; };
		049E69E920FC83620071ECA4 /* shopappTests.swift */ = {isa = PBXFileReference; lastKnownFileType = sourcecode.swift; path = shopappTests.swift; sourceTree = "<group>"; };
		049E69EB20FC83620071ECA4 /* Info.plist */ = {isa = PBXFileReference; lastKnownFileType = text.plist.xml; path = Info.plist; sourceTree = "<group>"; };
		049E69F020FC83620071ECA4 /* shopappUITests.xctest */ = {isa = PBXFileReference; explicitFileType = wrapper.cfbundle; includeInIndex = 0; path = shopappUITests.xctest; sourceTree = BUILT_PRODUCTS_DIR; };
		049E69F420FC83620071ECA4 /* shopappUITests.swift */ = {isa = PBXFileReference; lastKnownFileType = sourcecode.swift; path = shopappUITests.swift; sourceTree = "<group>"; };
		049E69F620FC83620071ECA4 /* Info.plist */ = {isa = PBXFileReference; lastKnownFileType = text.plist.xml; path = Info.plist; sourceTree = "<group>"; };
/* End PBXFileReference section */

/* Begin PBXFrameworksBuildPhase section */
		049E69CB20FC83620071ECA4 /* Frameworks */ = {
			isa = PBXFrameworksBuildPhase;
			buildActionMask = 2147483647;
			files = (
			);
			runOnlyForDeploymentPostprocessing = 0;
		};
		049E69E220FC83620071ECA4 /* Frameworks */ = {
			isa = PBXFrameworksBuildPhase;
			buildActionMask = 2147483647;
			files = (
			);
			runOnlyForDeploymentPostprocessing = 0;
		};
		049E69ED20FC83620071ECA4 /* Frameworks */ = {
			isa = PBXFrameworksBuildPhase;
			buildActionMask = 2147483647;
			files = (
			);
			runOnlyForDeploymentPostprocessing = 0;
		};
/* End PBXFrameworksBuildPhase section */

/* Begin PBXGroup section */
		041AA10F211195BD003F5A00 /* Pic */ = {
			isa = PBXGroup;
			children = (
				041AA1162111967D003F5A00 /* Carousel.png */,
				041AA11021119614003F5A00 /* foodspic.png */,
				041AA11221119615003F5A00 /* hostelpic.png */,
				041AA11121119614003F5A00 /* shoppic.png */,
				041AA11821119739003F5A00 /* tasty_store.png */,
				041AA11A21119742003F5A00 /* tasty.png */,
			);
			path = Pic;
			sourceTree = "<group>";
		};
		0470EDCE2105CFBB00FBA353 /* Controller */ = {
			isa = PBXGroup;
			children = (
				0470EDCC2105CFAF00FBA353 /* shopappViewController.swift */,
				049E69D520FC83620071ECA4 /* Main.storyboard */,
			);
			path = Controller;
			sourceTree = "<group>";
		};
		0470EDCF2105D0B800FBA353 /* Controller */ = {
			isa = PBXGroup;
			children = (
				048CD1B02111816700A926AD /* home */,
			);
			name = Controller;
			sourceTree = "<group>";
		};
		0470EDD22105D0D700FBA353 /* View */ = {
			isa = PBXGroup;
			children = (
			);
			name = View;
			sourceTree = "<group>";
		};
		0470EDD32105D0DD00FBA353 /* Model */ = {
			isa = PBXGroup;
			children = (
			);
			name = Model;
			sourceTree = "<group>";
		};
		048CD1B02111816700A926AD /* home */ = {
			isa = PBXGroup;
			children = (
				048CD1B12111816700A926AD /* Food.swift */,
				048CD1B22111816700A926AD /* foodviewcontroller.swift */,
				048CD1B32111816700A926AD /* Home.storyboard */,
				048CD1B42111816700A926AD /* HomeViewController.swift */,
				048CD1B52111816700A926AD /* RestaurantDetailTableViewCel.swift */,
				048CD1B62111816700A926AD /* RestaurantDetailTableViewCell.swift */,
				048CD1B72111816700A926AD /* RestaurantDetailViewController.swift */,
			);
			path = home;
			sourceTree = "<group>";
		};
		048CD24E2111910600A926AD /* Notice */ = {
			isa = PBXGroup;
			children = (
				048CD2512111920A00A926AD /* Notice.storyboard */,
			);
			path = Notice;
			sourceTree = "<group>";
		};
		048CD253211192C500A926AD /* Model */ = {
			isa = PBXGroup;
			children = (
			);
			path = Model;
			sourceTree = "<group>";
		};
		048CD254211192CB00A926AD /* View */ = {
			isa = PBXGroup;
			children = (
			);
			path = View;
			sourceTree = "<group>";
		};
		049E69C520FC83620071ECA4 = {
			isa = PBXGroup;
			children = (
				048CD24E2111910600A926AD /* Notice */,
				04AD9AFD2105BEB100B19B2B /* Member */,
				04AD9ABE2105A03F00B19B2B /* Home */,
				049E69D020FC83620071ECA4 /* shopapp */,
				049E69E820FC83620071ECA4 /* shopappTests */,
				049E69F320FC83620071ECA4 /* shopappUITests */,
				049E69CF20FC83620071ECA4 /* Products */,
			);
			sourceTree = "<group>";
		};
		049E69CF20FC83620071ECA4 /* Products */ = {
			isa = PBXGroup;
			children = (
				049E69CE20FC83620071ECA4 /* shopapp.app */,
				049E69E520FC83620071ECA4 /* shopappTests.xctest */,
				049E69F020FC83620071ECA4 /* shopappUITests.xctest */,
			);
			name = Products;
			sourceTree = "<group>";
		};
		049E69D020FC83620071ECA4 /* shopapp */ = {
			isa = PBXGroup;
			children = (
				041AA10F211195BD003F5A00 /* Pic */,
				048CD254211192CB00A926AD /* View */,
				048CD253211192C500A926AD /* Model */,
				0470EDCE2105CFBB00FBA353 /* Controller */,
				049E69D120FC83620071ECA4 /* AppDelegate.swift */,
				049E69DB20FC83620071ECA4 /* Assets.xcassets */,
				049E69DD20FC83620071ECA4 /* LaunchScreen.storyboard */,
				049E69E020FC83620071ECA4 /* Info.plist */,
				049E69D820FC83620071ECA4 /* shopapp.xcdatamodeld */,
			);
			path = shopapp;
			sourceTree = "<group>";
		};
		049E69E820FC83620071ECA4 /* shopappTests */ = {
			isa = PBXGroup;
			children = (
				049E69E920FC83620071ECA4 /* shopappTests.swift */,
				049E69EB20FC83620071ECA4 /* Info.plist */,
			);
			path = shopappTests;
			sourceTree = "<group>";
		};
		049E69F320FC83620071ECA4 /* shopappUITests */ = {
			isa = PBXGroup;
			children = (
				049E69F420FC83620071ECA4 /* shopappUITests.swift */,
				049E69F620FC83620071ECA4 /* Info.plist */,
			);
			path = shopappUITests;
			sourceTree = "<group>";
		};
		04AD9ABE2105A03F00B19B2B /* Home */ = {
			isa = PBXGroup;
			children = (
				0470EDD32105D0DD00FBA353 /* Model */,
				0470EDD22105D0D700FBA353 /* View */,
				0470EDCF2105D0B800FBA353 /* Controller */,
			);
			name = Home;
			sourceTree = "<group>";
		};
		04AD9AFD2105BEB100B19B2B /* Member */ = {
			isa = PBXGroup;
			children = (
				048CD1C02111816700A926AD /* Member.storyboard */,
			);
			path = Member;
			sourceTree = "<group>";
		};
/* End PBXGroup section */

/* Begin PBXNativeTarget section */
		049E69CD20FC83620071ECA4 /* shopapp */ = {
			isa = PBXNativeTarget;
			buildConfigurationList = 049E69F920FC83620071ECA4 /* Build configuration list for PBXNativeTarget "shopapp" */;
			buildPhases = (
				049E69CA20FC83620071ECA4 /* Sources */,
				049E69CB20FC83620071ECA4 /* Frameworks */,
				049E69CC20FC83620071ECA4 /* Resources */,
			);
			buildRules = (
			);
			dependencies = (
			);
			name = shopapp;
			productName = shopapp;
			productReference = 049E69CE20FC83620071ECA4 /* shopapp.app */;
			productType = "com.apple.product-type.application";
		};
		049E69E420FC83620071ECA4 /* shopappTests */ = {
			isa = PBXNativeTarget;
			buildConfigurationList = 049E69FC20FC83620071ECA4 /* Build configuration list for PBXNativeTarget "shopappTests" */;
			buildPhases = (
				049E69E120FC83620071ECA4 /* Sources */,
				049E69E220FC83620071ECA4 /* Frameworks */,
				049E69E320FC83620071ECA4 /* Resources */,
			);
			buildRules = (
			);
			dependencies = (
				049E69E720FC83620071ECA4 /* PBXTargetDependency */,
			);
			name = shopappTests;
			productName = shopappTests;
			productReference = 049E69E520FC83620071ECA4 /* shopappTests.xctest */;
			productType = "com.apple.product-type.bundle.unit-test";
		};
		049E69EF20FC83620071ECA4 /* shopappUITests */ = {
			isa = PBXNativeTarget;
			buildConfigurationList = 049E69FF20FC83620071ECA4 /* Build configuration list for PBXNativeTarget "shopappUITests" */;
			buildPhases = (
				049E69EC20FC83620071ECA4 /* Sources */,
				049E69ED20FC83620071ECA4 /* Frameworks */,
				049E69EE20FC83620071ECA4 /* Resources */,
			);
			buildRules = (
			);
			dependencies = (
				049E69F220FC83620071ECA4 /* PBXTargetDependency */,
			);
			name = shopappUITests;
			productName = shopappUITests;
			productReference = 049E69F020FC83620071ECA4 /* shopappUITests.xctest */;
			productType = "com.apple.product-type.bundle.ui-testing";
		};
/* End PBXNativeTarget section */

/* Begin PBXProject section */
		049E69C620FC83620071ECA4 /* Project object */ = {
			isa = PBXProject;
			attributes = {
				LastSwiftUpdateCheck = 0920;
				LastUpgradeCheck = 0920;
				ORGANIZATIONNAME = mac;
				TargetAttributes = {
					049E69CD20FC83620071ECA4 = {
						CreatedOnToolsVersion = 9.2;
						ProvisioningStyle = Automatic;
					};
					049E69E420FC83620071ECA4 = {
						CreatedOnToolsVersion = 9.2;
						ProvisioningStyle = Automatic;
						TestTargetID = 049E69CD20FC83620071ECA4;
					};
					049E69EF20FC83620071ECA4 = {
						CreatedOnToolsVersion = 9.2;
						ProvisioningStyle = Automatic;
						TestTargetID = 049E69CD20FC83620071ECA4;
					};
				};
			};
			buildConfigurationList = 049E69C920FC83620071ECA4 /* Build configuration list for PBXProject "shopapp" */;
			compatibilityVersion = "Xcode 8.0";
			developmentRegion = en;
			hasScannedForEncodings = 0;
			knownRegions = (
				en,
				Base,
			);
			mainGroup = 049E69C520FC83620071ECA4;
			productRefGroup = 049E69CF20FC83620071ECA4 /* Products */;
			projectDirPath = "";
			projectRoot = "";
			targets = (
				049E69CD20FC83620071ECA4 /* shopapp */,
				049E69E420FC83620071ECA4 /* shopappTests */,
				049E69EF20FC83620071ECA4 /* shopappUITests */,
			);
		};
/* End PBXProject section */

/* Begin PBXResourcesBuildPhase section */
		049E69CC20FC83620071ECA4 /* Resources */ = {
			isa = PBXResourcesBuildPhase;
			buildActionMask = 2147483647;
			files = (
				048CD2522111920A00A926AD /* Notice.storyboard in Resources */,
				048CD1E92111816700A926AD /* Home.storyboard in Resources */,
				048CD1F42111816700A926AD /* Member.storyboard in Resources */,
				041AA11521119615003F5A00 /* hostelpic.png in Resources */,
				049E69DF20FC83620071ECA4 /* LaunchScreen.storyboard in Resources */,
				041AA11B21119742003F5A00 /* tasty.png in Resources */,
				041AA11421119615003F5A00 /* shoppic.png in Resources */,
				049E69DC20FC83620071ECA4 /* Assets.xcassets in Resources */,
				049E69D720FC83620071ECA4 /* Main.storyboard in Resources */,
				041AA1192111973A003F5A00 /* tasty_store.png in Resources */,
				041AA11321119615003F5A00 /* foodspic.png in Resources */,
				041AA1172111967E003F5A00 /* Carousel.png in Resources */,
			);
			runOnlyForDeploymentPostprocessing = 0;
		};
		049E69E320FC83620071ECA4 /* Resources */ = {
			isa = PBXResourcesBuildPhase;
			buildActionMask = 2147483647;
			files = (
			);
			runOnlyForDeploymentPostprocessing = 0;
		};
		049E69EE20FC83620071ECA4 /* Resources */ = {
			isa = PBXResourcesBuildPhase;
			buildActionMask = 2147483647;
			files = (
			);
			runOnlyForDeploymentPostprocessing = 0;
		};
/* End PBXResourcesBuildPhase section */

/* Begin PBXSourcesBuildPhase section */
		049E69CA20FC83620071ECA4 /* Sources */ = {
			isa = PBXSourcesBuildPhase;
			buildActionMask = 2147483647;
			files = (
				0470EDCD2105CFAF00FBA353 /* shopappViewController.swift in Sources */,
				049E69D220FC83620071ECA4 /* AppDelegate.swift in Sources */,
				049E69DA20FC83620071ECA4 /* shopapp.xcdatamodeld in Sources */,
				048CD1E82111816700A926AD /* foodviewcontroller.swift in Sources */,
				048CD1EB2111816700A926AD /* RestaurantDetailTableViewCel.swift in Sources */,
				048CD1ED2111816700A926AD /* RestaurantDetailViewController.swift in Sources */,
				048CD1E72111816700A926AD /* Food.swift in Sources */,
				048CD1EA2111816700A926AD /* HomeViewController.swift in Sources */,
				048CD1EC2111816700A926AD /* RestaurantDetailTableViewCell.swift in Sources */,
			);
			runOnlyForDeploymentPostprocessing = 0;
		};
		049E69E120FC83620071ECA4 /* Sources */ = {
			isa = PBXSourcesBuildPhase;
			buildActionMask = 2147483647;
			files = (
				049E69EA20FC83620071ECA4 /* shopappTests.swift in Sources */,
			);
			runOnlyForDeploymentPostprocessing = 0;
		};
		049E69EC20FC83620071ECA4 /* Sources */ = {
			isa = PBXSourcesBuildPhase;
			buildActionMask = 2147483647;
			files = (
				049E69F520FC83620071ECA4 /* shopappUITests.swift in Sources */,
			);
			runOnlyForDeploymentPostprocessing = 0;
		};
/* End PBXSourcesBuildPhase section */

/* Begin PBXTargetDependency section */
		049E69E720FC83620071ECA4 /* PBXTargetDependency */ = {
			isa = PBXTargetDependency;
			target = 049E69CD20FC83620071ECA4 /* shopapp */;
			targetProxy = 049E69E620FC83620071ECA4 /* PBXContainerItemProxy */;
		};
		049E69F220FC83620071ECA4 /* PBXTargetDependency */ = {
			isa = PBXTargetDependency;
			target = 049E69CD20FC83620071ECA4 /* shopapp */;
			targetProxy = 049E69F120FC83620071ECA4 /* PBXContainerItemProxy */;
		};
/* End PBXTargetDependency section */

/* Begin PBXVariantGroup section */
		048CD1C02111816700A926AD /* Member.storyboard */ = {
			isa = PBXVariantGroup;
			children = (
				048CD1C12111816700A926AD /* Base */,
			);
			name = Member.storyboard;
			sourceTree = "<group>";
		};
		049E69D520FC83620071ECA4 /* Main.storyboard */ = {
			isa = PBXVariantGroup;
			children = (
				049E69D620FC83620071ECA4 /* Base */,
			);
			name = Main.storyboard;
			sourceTree = "<group>";
		};
		049E69DD20FC83620071ECA4 /* LaunchScreen.storyboard */ = {
			isa = PBXVariantGroup;
			children = (
				049E69DE20FC83620071ECA4 /* Base */,
			);
			name = LaunchScreen.storyboard;
			sourceTree = "<group>";
		};
/* End PBXVariantGroup section */

/* Begin XCBuildConfiguration section */
		049E69F720FC83620071ECA4 /* Debug */ = {
			isa = XCBuildConfiguration;
			buildSettings = {
				ALWAYS_SEARCH_USER_PATHS = NO;
				CLANG_ANALYZER_NONNULL = YES;
				CLANG_ANALYZER_NUMBER_OBJECT_CONVERSION = YES_AGGRESSIVE;
				CLANG_CXX_LANGUAGE_STANDARD = "gnu++14";
				CLANG_CXX_LIBRARY = "libc++";
				CLANG_ENABLE_MODULES = YES;
				CLANG_ENABLE_OBJC_ARC = YES;
				CLANG_WARN_BLOCK_CAPTURE_AUTORELEASING = YES;
				CLANG_WARN_BOOL_CONVERSION = YES;
				CLANG_WARN_COMMA = YES;
				CLANG_WARN_CONSTANT_CONVERSION = YES;
				CLANG_WARN_DIRECT_OBJC_ISA_USAGE = YES_ERROR;
				CLANG_WARN_DOCUMENTATION_COMMENTS = YES;
				CLANG_WARN_EMPTY_BODY = YES;
				CLANG_WARN_ENUM_CONVERSION = YES;
				CLANG_WARN_INFINITE_RECURSION = YES;
				CLANG_WARN_INT_CONVERSION = YES;
				CLANG_WARN_NON_LITERAL_NULL_CONVERSION = YES;
				CLANG_WARN_OBJC_LITERAL_CONVERSION = YES;
				CLANG_WARN_OBJC_ROOT_CLASS = YES_ERROR;
				CLANG_WARN_RANGE_LOOP_ANALYSIS = YES;
				CLANG_WARN_STRICT_PROTOTYPES = YES;
				CLANG_WARN_SUSPICIOUS_MOVE = YES;
				CLANG_WARN_UNGUARDED_AVAILABILITY = YES_AGGRESSIVE;
				CLANG_WARN_UNREACHABLE_CODE = YES;
				CLANG_WARN__DUPLICATE_METHOD_MATCH = YES;
				CODE_SIGN_IDENTITY = "iPhone Developer";
				COPY_PHASE_STRIP = NO;
				DEBUG_INFORMATION_FORMAT = dwarf;
				ENABLE_STRICT_OBJC_MSGSEND = YES;
				ENABLE_TESTABILITY = YES;
				GCC_C_LANGUAGE_STANDARD = gnu11;
				GCC_DYNAMIC_NO_PIC = NO;
				GCC_NO_COMMON_BLOCKS = YES;
				GCC_OPTIMIZATION_LEVEL = 0;
				GCC_PREPROCESSOR_DEFINITIONS = (
					"DEBUG=1",
					"$(inherited)",
				);
				GCC_WARN_64_TO_32_BIT_CONVERSION = YES;
				GCC_WARN_ABOUT_RETURN_TYPE = YES_ERROR;
				GCC_WARN_UNDECLARED_SELECTOR = YES;
				GCC_WARN_UNINITIALIZED_AUTOS = YES_AGGRESSIVE;
				GCC_WARN_UNUSED_FUNCTION = YES;
				GCC_WARN_UNUSED_VARIABLE = YES;
				IPHONEOS_DEPLOYMENT_TARGET = 11.2;
				MTL_ENABLE_DEBUG_INFO = YES;
				ONLY_ACTIVE_ARCH = YES;
				SDKROOT = iphoneos;
				SWIFT_ACTIVE_COMPILATION_CONDITIONS = DEBUG;
				SWIFT_OPTIMIZATION_LEVEL = "-Onone";
			};
			name = Debug;
		};
		049E69F820FC83620071ECA4 /* Release */ = {
			isa = XCBuildConfiguration;
			buildSettings = {
				ALWAYS_SEARCH_USER_PATHS = NO;
				CLANG_ANALYZER_NONNULL = YES;
				CLANG_ANALYZER_NUMBER_OBJECT_CONVERSION = YES_AGGRESSIVE;
				CLANG_CXX_LANGUAGE_STANDARD = "gnu++14";
				CLANG_CXX_LIBRARY = "libc++";
				CLANG_ENABLE_MODULES = YES;
				CLANG_ENABLE_OBJC_ARC = YES;
				CLANG_WARN_BLOCK_CAPTURE_AUTORELEASING = YES;
				CLANG_WARN_BOOL_CONVERSION = YES;
				CLANG_WARN_COMMA = YES;
				CLANG_WARN_CONSTANT_CONVERSION = YES;
				CLANG_WARN_DIRECT_OBJC_ISA_USAGE = YES_ERROR;
				CLANG_WARN_DOCUMENTATION_COMMENTS = YES;
				CLANG_WARN_EMPTY_BODY = YES;
				CLANG_WARN_ENUM_CONVERSION = YES;
				CLANG_WARN_INFINITE_RECURSION = YES;
				CLANG_WARN_INT_CONVERSION = YES;
				CLANG_WARN_NON_LITERAL_NULL_CONVERSION = YES;
				CLANG_WARN_OBJC_LITERAL_CONVERSION = YES;
				CLANG_WARN_OBJC_ROOT_CLASS = YES_ERROR;
				CLANG_WARN_RANGE_LOOP_ANALYSIS = YES;
				CLANG_WARN_STRICT_PROTOTYPES = YES;
				CLANG_WARN_SUSPICIOUS_MOVE = YES;
				CLANG_WARN_UNGUARDED_AVAILABILITY = YES_AGGRESSIVE;
				CLANG_WARN_UNREACHABLE_CODE = YES;
				CLANG_WARN__DUPLICATE_METHOD_MATCH = YES;
				CODE_SIGN_IDENTITY = "iPhone Developer";
				COPY_PHASE_STRIP = NO;
				DEBUG_INFORMATION_FORMAT = "dwarf-with-dsym";
				ENABLE_NS_ASSERTIONS = NO;
				ENABLE_STRICT_OBJC_MSGSEND = YES;
				GCC_C_LANGUAGE_STANDARD = gnu11;
				GCC_NO_COMMON_BLOCKS = YES;
				GCC_WARN_64_TO_32_BIT_CONVERSION = YES;
				GCC_WARN_ABOUT_RETURN_TYPE = YES_ERROR;
				GCC_WARN_UNDECLARED_SELECTOR = YES;
				GCC_WARN_UNINITIALIZED_AUTOS = YES_AGGRESSIVE;
				GCC_WARN_UNUSED_FUNCTION = YES;
				GCC_WARN_UNUSED_VARIABLE = YES;
				IPHONEOS_DEPLOYMENT_TARGET = 11.2;
				MTL_ENABLE_DEBUG_INFO = NO;
				SDKROOT = iphoneos;
				SWIFT_OPTIMIZATION_LEVEL = "-Owholemodule";
				VALIDATE_PRODUCT = YES;
			};
			name = Release;
		};
		049E69FA20FC83620071ECA4 /* Debug */ = {
			isa = XCBuildConfiguration;
			buildSettings = {
				ASSETCATALOG_COMPILER_APPICON_NAME = AppIcon;
				CODE_SIGN_STYLE = Automatic;
				INFOPLIST_FILE = shopapp/Info.plist;
				LD_RUNPATH_SEARCH_PATHS = "$(inherited) @executable_path/Frameworks";
				PRODUCT_BUNDLE_IDENTIFIER = "-33.shopapp";
				PRODUCT_NAME = "$(TARGET_NAME)";
				SWIFT_VERSION = 4.0;
				TARGETED_DEVICE_FAMILY = "1,2";
			};
			name = Debug;
		};
		049E69FB20FC83620071ECA4 /* Release */ = {
			isa = XCBuildConfiguration;
			buildSettings = {
				ASSETCATALOG_COMPILER_APPICON_NAME = AppIcon;
				CODE_SIGN_STYLE = Automatic;
				INFOPLIST_FILE = shopapp/Info.plist;
				LD_RUNPATH_SEARCH_PATHS = "$(inherited) @executable_path/Frameworks";
				PRODUCT_BUNDLE_IDENTIFIER = "-33.shopapp";
				PRODUCT_NAME = "$(TARGET_NAME)";
				SWIFT_VERSION = 4.0;
				TARGETED_DEVICE_FAMILY = "1,2";
			};
			name = Release;
		};
		049E69FD20FC83620071ECA4 /* Debug */ = {
			isa = XCBuildConfiguration;
			buildSettings = {
				ALWAYS_EMBED_SWIFT_STANDARD_LIBRARIES = YES;
				BUNDLE_LOADER = "$(TEST_HOST)";
				CODE_SIGN_STYLE = Automatic;
				INFOPLIST_FILE = shopappTests/Info.plist;
				LD_RUNPATH_SEARCH_PATHS = "$(inherited) @executable_path/Frameworks @loader_path/Frameworks";
				PRODUCT_BUNDLE_IDENTIFIER = "-33.shopappTests";
				PRODUCT_NAME = "$(TARGET_NAME)";
				SWIFT_VERSION = 4.0;
				TARGETED_DEVICE_FAMILY = "1,2";
				TEST_HOST = "$(BUILT_PRODUCTS_DIR)/shopapp.app/shopapp";
			};
			name = Debug;
		};
		049E69FE20FC83620071ECA4 /* Release */ = {
			isa = XCBuildConfiguration;
			buildSettings = {
				ALWAYS_EMBED_SWIFT_STANDARD_LIBRARIES = YES;
				BUNDLE_LOADER = "$(TEST_HOST)";
				CODE_SIGN_STYLE = Automatic;
				INFOPLIST_FILE = shopappTests/Info.plist;
				LD_RUNPATH_SEARCH_PATHS = "$(inherited) @executable_path/Frameworks @loader_path/Frameworks";
				PRODUCT_BUNDLE_IDENTIFIER = "-33.shopappTests";
				PRODUCT_NAME = "$(TARGET_NAME)";
				SWIFT_VERSION = 4.0;
				TARGETED_DEVICE_FAMILY = "1,2";
				TEST_HOST = "$(BUILT_PRODUCTS_DIR)/shopapp.app/shopapp";
			};
			name = Release;
		};
		049E6A0020FC83620071ECA4 /* Debug */ = {
			isa = XCBuildConfiguration;
			buildSettings = {
				ALWAYS_EMBED_SWIFT_STANDARD_LIBRARIES = YES;
				CODE_SIGN_STYLE = Automatic;
				INFOPLIST_FILE = shopappUITests/Info.plist;
				LD_RUNPATH_SEARCH_PATHS = "$(inherited) @executable_path/Frameworks @loader_path/Frameworks";
				PRODUCT_BUNDLE_IDENTIFIER = "-33.shopappUITests";
				PRODUCT_NAME = "$(TARGET_NAME)";
				SWIFT_VERSION = 4.0;
				TARGETED_DEVICE_FAMILY = "1,2";
				TEST_TARGET_NAME = shopapp;
			};
			name = Debug;
		};
		049E6A0120FC83620071ECA4 /* Release */ = {
			isa = XCBuildConfiguration;
			buildSettings = {
				ALWAYS_EMBED_SWIFT_STANDARD_LIBRARIES = YES;
				CODE_SIGN_STYLE = Automatic;
				INFOPLIST_FILE = shopappUITests/Info.plist;
				LD_RUNPATH_SEARCH_PATHS = "$(inherited) @executable_path/Frameworks @loader_path/Frameworks";
				PRODUCT_BUNDLE_IDENTIFIER = "-33.shopappUITests";
				PRODUCT_NAME = "$(TARGET_NAME)";
				SWIFT_VERSION = 4.0;
				TARGETED_DEVICE_FAMILY = "1,2";
				TEST_TARGET_NAME = shopapp;
			};
			name = Release;
		};
/* End XCBuildConfiguration section */

/* Begin XCConfigurationList section */
		049E69C920FC83620071ECA4 /* Build configuration list for PBXProject "shopapp" */ = {
			isa = XCConfigurationList;
			buildConfigurations = (
				049E69F720FC83620071ECA4 /* Debug */,
				049E69F820FC83620071ECA4 /* Release */,
			);
			defaultConfigurationIsVisible = 0;
			defaultConfigurationName = Release;
		};
		049E69F920FC83620071ECA4 /* Build configuration list for PBXNativeTarget "shopapp" */ = {
			isa = XCConfigurationList;
			buildConfigurations = (
				049E69FA20FC83620071ECA4 /* Debug */,
				049E69FB20FC83620071ECA4 /* Release */,
			);
			defaultConfigurationIsVisible = 0;
			defaultConfigurationName = Release;
		};
		049E69FC20FC83620071ECA4 /* Build configuration list for PBXNativeTarget "shopappTests" */ = {
			isa = XCConfigurationList;
			buildConfigurations = (
				049E69FD20FC83620071ECA4 /* Debug */,
				049E69FE20FC83620071ECA4 /* Release */,
			);
			defaultConfigurationIsVisible = 0;
			defaultConfigurationName = Release;
		};
		049E69FF20FC83620071ECA4 /* Build configuration list for PBXNativeTarget "shopappUITests" */ = {
			isa = XCConfigurationList;
			buildConfigurations = (
				049E6A0020FC83620071ECA4 /* Debug */,
				049E6A0120FC83620071ECA4 /* Release */,
			);
			defaultConfigurationIsVisible = 0;
			defaultConfigurationName = Release;
		};
/* End XCConfigurationList section */

/* Begin XCVersionGroup section */
		049E69D820FC83620071ECA4 /* shopapp.xcdatamodeld */ = {
			isa = XCVersionGroup;
			children = (
				049E69D920FC83620071ECA4 /* shopapp.xcdatamodel */,
			);
			currentVersion = 049E69D920FC83620071ECA4 /* shopapp.xcdatamodel */;
			path = shopapp.xcdatamodeld;
			sourceTree = "<group>";
			versionGroupType = wrapper.xcdatamodel;
		};
/* End XCVersionGroup section */
	};
	rootObject = 049E69C620FC83620071ECA4 /* Project object */;
}
